speakeasyVersion: 1.463.1
sources:
    Apideck:
        sourceNamespace: apideck
        sourceRevisionDigest: sha256:80ea5a0b9af3e99906187024727e6ceddfb36be33734859a1058dabfedaa459d
        sourceBlobDigest: sha256:4f88a753a09ecc6a10f5d56483b1c819d6d9170668b1c8a5046a84c438ba0284
        tags:
            - latest
            - speakeasy-sdk-regen-1735817302
            - 10.9.0
targets:
    apideck:
        source: Apideck
        sourceNamespace: apideck
        sourceRevisionDigest: sha256:80ea5a0b9af3e99906187024727e6ceddfb36be33734859a1058dabfedaa459d
        sourceBlobDigest: sha256:4f88a753a09ecc6a10f5d56483b1c819d6d9170668b1c8a5046a84c438ba0284
        codeSamplesNamespace: apideck-csharp-code-samples
        codeSamplesRevisionDigest: sha256:b0595a5afbc36440b96741245604c91249cc03f90ca2c933c2f5298d41a48093
workflow:
    workflowVersion: 1.0.0
    speakeasyVersion: latest
    sources:
        Apideck:
            inputs:
                - location: https://ci-spec-unify.s3.eu-central-1.amazonaws.com/speakeasy-spec.yml
            registry:
                location: registry.speakeasyapi.dev/apideck-k2o/apideck/apideck
    targets:
        apideck:
            target: csharp
            source: Apideck
            publish:
                nuget:
                    apiKey: $nuget_api_key
            codeSamples:
                registry:
                    location: registry.speakeasyapi.dev/apideck-k2o/apideck/apideck-csharp-code-samples
                blocking: false
