speakeasyVersion: 1.537.0
sources:
    Apideck:
        sourceNamespace: apideck
        sourceRevisionDigest: sha256:31d2d64457bf486f2e183bd904835cf971a4d5a989336b82f856b8c6850c082e
        sourceBlobDigest: sha256:303c1acf7abc835f46d58b4a823c3bb3e537aae128b78352be572e712c7879f6
        tags:
            - latest
            - speakeasy-sdk-regen-1744725232
            - 10.16.2
targets:
    apideck:
        source: Apideck
        sourceNamespace: apideck
        sourceRevisionDigest: sha256:31d2d64457bf486f2e183bd904835cf971a4d5a989336b82f856b8c6850c082e
        sourceBlobDigest: sha256:303c1acf7abc835f46d58b4a823c3bb3e537aae128b78352be572e712c7879f6
workflow:
    workflowVersion: 1.0.0
    speakeasyVersion: latest
    sources:
        Apideck:
            inputs:
                - location: https://ci-spec-unify.s3.eu-central-1.amazonaws.com/speakeasy-spec.yml
            registry:
                location: registry.speakeasyapi.dev/apideck-k2o/apideck/apideck
    targets:
        apideck:
            target: csharp
            source: Apideck
            publish:
                nuget:
                    apiKey: $nuget_api_key
            codeSamples:
                registry:
                    location: registry.speakeasyapi.dev/apideck-k2o/apideck/apideck-csharp-code-samples
                blocking: false
