speakeasyVersion: 1.462.2
sources:
    Apideck:
        sourceNamespace: apideck
        sourceRevisionDigest: sha256:f04c9fca2e3ac4cd6913e13dc2fefc7eafdb7d628a9a51999001a365dafcfa7c
        sourceBlobDigest: sha256:4f88a753a09ecc6a10f5d56483b1c819d6d9170668b1c8a5046a84c438ba0284
        tags:
            - latest
            - speakeasy-sdk-regen-1735817302
            - 10.9.0
targets:
    apideck:
        source: Apideck
        sourceNamespace: apideck
        sourceRevisionDigest: sha256:f04c9fca2e3ac4cd6913e13dc2fefc7eafdb7d628a9a51999001a365dafcfa7c
        sourceBlobDigest: sha256:4f88a753a09ecc6a10f5d56483b1c819d6d9170668b1c8a5046a84c438ba0284
        codeSamplesNamespace: apideck-csharp-code-samples
        codeSamplesRevisionDigest: sha256:b92395b9d2e49a1fa20e73e97700023485d8bf58bce57cadc2c5f721d691b0e6
workflow:
    workflowVersion: 1.0.0
    speakeasyVersion: latest
    sources:
        Apideck:
            inputs:
                - location: https://ci-spec-unify.s3.eu-central-1.amazonaws.com/speakeasy-spec.yml
            registry:
                location: registry.speakeasyapi.dev/apideck-k2o/apideck/apideck
    targets:
        apideck:
            target: csharp
            source: Apideck
            publish:
                nuget:
                    apiKey: $nuget_api_key
            codeSamples:
                registry:
                    location: registry.speakeasyapi.dev/apideck-k2o/apideck/apideck-csharp-code-samples
                blocking: false
